
Microsoft Visual Studio Solution File, Format Version 12.00
# Visual Studio 14
VisualStudioVersion = 14.0.23107.0
MinimumVisualStudioVersion = 10.0.40219.1
Project("{FAE04EC0-301F-11D3-BF4B-00C04F79EFBC}") = "bake", "bake\bake.csproj", "{E2C2A155-DEE8-4A9A-BB99-75DB2643AF30}"
EndProject
Project("{FAE04EC0-301F-11D3-BF4B-00C04F79EFBC}") = "bake.tests", "bake.tests\bake.tests.csproj", "{C6694E97-F84D-407C-AA5B-D90FBB4E2C0E}"
EndProject
Global
	GlobalSection(SolutionConfigurationPlatforms) = preSolution
		Debug|Any CPU = Debug|Any CPU
		Release|Any CPU = Release|Any CPU
	EndGlobalSection
	GlobalSection(ProjectConfigurationPlatforms) = postSolution
		{E2C2A155-DEE8-4A9A-BB99-75DB2643AF30}.Debug|Any CPU.ActiveCfg = Debug|Any CPU
		{E2C2A155-DEE8-4A9A-BB99-75DB2643AF30}.Debug|Any CPU.Build.0 = Debug|Any CPU
		{E2C2A155-DEE8-4A9A-BB99-75DB2643AF30}.Release|Any CPU.ActiveCfg = Release|Any CPU
		{E2C2A155-DEE8-4A9A-BB99-75DB2643AF30}.Release|Any CPU.Build.0 = Release|Any CPU
		{C6694E97-F84D-407C-AA5B-D90FBB4E2C0E}.Debug|Any CPU.ActiveCfg = Debug|Any CPU
		{C6694E97-F84D-407C-AA5B-D90FBB4E2C0E}.Debug|Any CPU.Build.0 = Debug|Any CPU
		{C6694E97-F84D-407C-AA5B-D90FBB4E2C0E}.Release|Any CPU.ActiveCfg = Release|Any CPU
		{C6694E97-F84D-407C-AA5B-D90FBB4E2C0E}.Release|Any CPU.Build.0 = Release|Any CPU
	EndGlobalSection
	GlobalSection(SolutionProperties) = preSolution
		HideSolutionNode = FALSE
	EndGlobalSection
EndGlobal
